
Microsoft Visual Studio Solution File, Format Version 12.00
# Visual Studio Version 17
VisualStudioVersion = 17.13.35825.156 d17.13
MinimumVisualStudioVersion = 10.0.40219.1
Project("{FAE04EC0-301F-11D3-BF4B-00C04F79EFBC}") = "SalesWebMVC", "SalesWebMVC\SalesWebMVC.csproj", "{8342E37E-FE52-4B0B-AB1C-8766E079CD81}"
EndProject
Global
	GlobalSection(SolutionConfigurationPlatforms) = preSolution
		Debug|Any CPU = Debug|Any CPU
		Release|Any CPU = Release|Any CPU
	EndGlobalSection
	GlobalSection(ProjectConfigurationPlatforms) = postSolution
		{8342E37E-FE52-4B0B-AB1C-8766E079CD81}.Debug|Any CPU.ActiveCfg = Debug|Any CPU
		{8342E37E-FE52-4B0B-AB1C-8766E079CD81}.Debug|Any CPU.Build.0 = Debug|Any CPU
		{8342E37E-FE52-4B0B-AB1C-8766E079CD81}.Release|Any CPU.ActiveCfg = Release|Any CPU
		{8342E37E-FE52-4B0B-AB1C-8766E079CD81}.Release|Any CPU.Build.0 = Release|Any CPU
	EndGlobalSection
	GlobalSection(SolutionProperties) = preSolution
		HideSolutionNode = FALSE
	EndGlobalSection
	GlobalSection(ExtensibilityGlobals) = postSolution
		SolutionGuid = {C7AFC963-1C3C-41F3-8608-7E8EED294279}
	EndGlobalSection
EndGlobal
